
Microsoft Visual Studio Solution File, Format Version 12.00
# Visual Studio 15
VisualStudioVersion = 15.0.28010.2026
MinimumVisualStudioVersion = 10.0.40219.1
Project("{FAE04EC0-301F-11D3-BF4B-00C04F79EFBC}") = "SymbolMotor", "SymbolMotor\SymbolMotor.csproj", "{82E6A159-FB30-472B-9312-64AE73ECFDF9}"
EndProject
Project("{FAE04EC0-301F-11D3-BF4B-00C04F79EFBC}") = "SymbolMotorTest", "SymbolMotorTest\SymbolMotorTest.csproj", "{87F53248-F26D-4B44-9ABE-CA57BE7319A4}"
EndProject
Global
	GlobalSection(SolutionConfigurationPlatforms) = preSolution
		Debug|Any CPU = Debug|Any CPU
		Release|Any CPU = Release|Any CPU
	EndGlobalSection
	GlobalSection(ProjectConfigurationPlatforms) = postSolution
		{82E6A159-FB30-472B-9312-64AE73ECFDF9}.Debug|Any CPU.ActiveCfg = Debug|Any CPU
		{82E6A159-FB30-472B-9312-64AE73ECFDF9}.Debug|Any CPU.Build.0 = Debug|Any CPU
		{82E6A159-FB30-472B-9312-64AE73ECFDF9}.Release|Any CPU.ActiveCfg = Release|Any CPU
		{82E6A159-FB30-472B-9312-64AE73ECFDF9}.Release|Any CPU.Build.0 = Release|Any CPU
		{87F53248-F26D-4B44-9ABE-CA57BE7319A4}.Debug|Any CPU.ActiveCfg = Debug|Any CPU
		{87F53248-F26D-4B44-9ABE-CA57BE7319A4}.Debug|Any CPU.Build.0 = Debug|Any CPU
		{87F53248-F26D-4B44-9ABE-CA57BE7319A4}.Release|Any CPU.ActiveCfg = Release|Any CPU
		{87F53248-F26D-4B44-9ABE-CA57BE7319A4}.Release|Any CPU.Build.0 = Release|Any CPU
	EndGlobalSection
	GlobalSection(SolutionProperties) = preSolution
		HideSolutionNode = FALSE
	EndGlobalSection
	GlobalSection(ExtensibilityGlobals) = postSolution
		SolutionGuid = {F4CB0A67-1597-4222-89B8-0C3D779AE2FC}
	EndGlobalSection
EndGlobal
